
Microsoft Visual Studio Solution File, Format Version 12.00
# Visual Studio Version 17
VisualStudioVersion = 17.8.34316.72
MinimumVisualStudioVersion = 10.0.40219.1
Project("{FAE04EC0-301F-11D3-BF4B-00C04F79EFBC}") = "OOO_Obuv", "OOO_Obuv\OOO_Obuv.csproj", "{7419018E-D15F-4FEB-8D8F-70F52BEC8FCB}"
EndProject
Global
	GlobalSection(SolutionConfigurationPlatforms) = preSolution
		Debug|Any CPU = Debug|Any CPU
		Release|Any CPU = Release|Any CPU
	EndGlobalSection
	GlobalSection(ProjectConfigurationPlatforms) = postSolution
		{7419018E-D15F-4FEB-8D8F-70F52BEC8FCB}.Debug|Any CPU.ActiveCfg = Debug|Any CPU
		{7419018E-D15F-4FEB-8D8F-70F52BEC8FCB}.Debug|Any CPU.Build.0 = Debug|Any CPU
		{7419018E-D15F-4FEB-8D8F-70F52BEC8FCB}.Release|Any CPU.ActiveCfg = Release|Any CPU
		{7419018E-D15F-4FEB-8D8F-70F52BEC8FCB}.Release|Any CPU.Build.0 = Release|Any CPU
	EndGlobalSection
	GlobalSection(SolutionProperties) = preSolution
		HideSolutionNode = FALSE
	EndGlobalSection
	GlobalSection(ExtensibilityGlobals) = postSolution
		SolutionGuid = {4F802551-C687-4965-97B9-D77C52778665}
	EndGlobalSection
EndGlobal
